lockVersion: 2.0.0
id: aca66aee-3a3d-451d-a849-fded39891b8b
management:
  docChecksum: b3b40592025da61a9d55404deb6786d5
  docVersion: 1.0.0
  speakeasyVersion: 1.763.1
  generationVersion: 2.884.4
  releaseVersion: 0.1.0
  configChecksum: 5d720c1b57da6372264c1ae3bc1c478a
persistentEdits:
  generation_id: 29d5a9ae-77df-4ffa-9c8f-4f0f19c2e054
  pristine_commit_hash: d0adc8f9255321e2f77f8fd1c6dd2c9b6611aff0
  pristine_tree_hash: c5d61cbc2327fe14ec4f51e02a407d3ba942445d
features:
  python:
    additionalDependencies: 1.0.0
    core: 6.0.21
    defaultEnabledRetries: 0.2.0
    envVarSecurityUsage: 0.3.2
    flatRequests: 1.0.1
    flattening: 3.1.1
    globalSecurityCallbacks: 1.0.0
    globalServerURLs: 3.2.1
    methodArguments: 1.0.2
    nullables: 1.0.2
    responseFormat: 1.1.0
    retries: 3.0.5
    sdkHooks: 1.2.1
trackedFiles:
  .gitattributes:
    id: 24139dae6567
    last_write_checksum: sha1:53134de3ada576f37c22276901e1b5b6d85cd2da
    pristine_git_object: 4d75d59008e4d8609876d263419a9dc56c8d6f3a
  .vscode/settings.json:
    id: 89aa447020cd
    last_write_checksum: sha1:f84632c81029fcdda8c3b0c768d02b836fc80526
    pristine_git_object: 8d79f0abb72526f1fb34a4c03e5bba612c6ba2ae
  USAGE.md:
    id: 3aed33ce6e6f
    last_write_checksum: sha1:56f39bd2e4d1ad6876340e46dd4be5c58df7c25c
    pristine_git_object: 4f317a9cccbad5335cce73605d64793b5265e095
  docs/models/askrequestbody.md:
    id: f680e333ee7e
    last_write_checksum: sha1:9d869e5a5d27c17ece776b8c9c56a29d87781dcd
    pristine_git_object: 38adf0c7f7c9c3d90bf0d661721dd93a82bb95e0
  docs/models/askresponsebody.md:
    id: 7335e96ea7b9
    last_write_checksum: sha1:ca4c31771987f3d23906c2bbafa7bf0950b7e4b1
    pristine_git_object: 16f879aaafa0ac585cfa016a8eaa661b9807f1c2
  docs/models/createdatabaserequestbody.md:
    id: 39291c1d6da9
    last_write_checksum: sha1:f37cfbd612e99148b162d0f92d09df4a910a061f
    pristine_git_object: 00f63c29cfa38f7a62b92c2b377a8a8008bf4d2f
  docs/models/createdatabaseresponsebody.md:
    id: bd3d280ded7d
    last_write_checksum: sha1:7f68eb0efe8174ee37f2de6e42471ced9ba5506a
    pristine_git_object: 256108e44d70a4c48feaec70acf9662ef1d5aaa2
  docs/models/invokepersonarequest.md:
    id: 7676a097a324
    last_write_checksum: sha1:1789071858871700decdbf71451c6148e38d37b4
    pristine_git_object: d6b2c593949408e3c1a4fc32742de3df9fd59986
  docs/models/invokepersonaresponsebody.md:
    id: 39b21108900a
    last_write_checksum: sha1:92c43141a5b081c666271096851d21cad93c25e7
    pristine_git_object: 9d76a99f4e0447987c5577c5ee22046c45115e13
  docs/models/loadmodelrequestbody.md:
    id: 8e7ff1f250c4
    last_write_checksum: sha1:48c40ca7c85071eaedb441c1701e4dd21e55f3ad
    pristine_git_object: 9c98e15568755dffca4a7640a79908c3b851bac4
  docs/models/loadmodelresponsebody.md:
    id: efa19b1d02d6
    last_write_checksum: sha1:08be5414988e7507db2f2b4e37480e928bba941b
    pristine_git_object: f0bedb03aeb43b2f73f75b15fa273d9dfe5ab13d
  docs/models/pullmodelrequestbody.md:
    id: f9c9fbdf7a4d
    last_write_checksum: sha1:54cf8c8c6cb9c09b45ef2accf0cebb7b30e72cb4
    pristine_git_object: b5e4d09af3510213f59cdb8547d4792b454a1e4c
  docs/models/pullmodelresponsebody.md:
    id: af6153bfe392
    last_write_checksum: sha1:ebed5bb6874521903e1d9196c5f391c3a7a7b1d7
    pristine_git_object: 0b734666f152cfb7f0ac85dcf059e51a3aca824f
  docs/models/stopmodelresponsebody.md:
    id: 1103907649ef
    last_write_checksum: sha1:6b56edbd8f00a2cbffc7b570b50566f9996c5d3a
    pristine_git_object: d64496d3a93bbb3f04f70757f8a39d1bf0cffa8f
  docs/models/utils/retryconfig.md:
    id: 4343ac43161c
    last_write_checksum: sha1:562c0f21e308ad10c27f85f75704c15592c6929d
    pristine_git_object: 69dd549ec7f5f885101d08dd502e25748183aebf
  docs/sdks/memorymanagement/README.md:
    id: 506ffb8faef3
    last_write_checksum: sha1:02f4344c68eba25284e7b708b3c2ab8e73c3a04b
    pristine_git_object: 31d8910de3713920dc8ec14e1f2bc5ec834f6ad3
  docs/sdks/modelmanagement/README.md:
    id: 2e3b3a7c2d21
    last_write_checksum: sha1:7bbf8af524bb032761c7ac716627cf8bc9637d34
    pristine_git_object: be0cd53e402889e0c760e694bb2bc5c4b009e116
  docs/sdks/personaorchestration/README.md:
    id: cbdb3c6c15f4
    last_write_checksum: sha1:c726b792336c45bc90bf87cf8a78db44be851ede
    pristine_git_object: a765cf703b09c198a594f13a6864829bbe4d2472
  docs/sdks/statelessexecution/README.md:
    id: a481385e63cb
    last_write_checksum: sha1:0ef0516aabc2edb848fc5bce936705d0240622b9
    pristine_git_object: 9f7968567428265a805ca7bb0c376de096de216f
  docs/sdks/toolsandinfrastructure/README.md:
    id: 17465d48d1b2
    last_write_checksum: sha1:d24ea6ce20399503d281f7f86f545209eff288ca
    pristine_git_object: 6ce9bb73b1d6ccd040c9fb0ddf09819807bc7e29
  py.typed:
    id: 258c3ed47ae4
    last_write_checksum: sha1:8efc425ffe830805ffcc0f3055871bdcdc542c60
    pristine_git_object: 3e38f1a929f7d6b1d6de74604aa87e3d8f010544
  pylintrc:
    id: 7ce8b9f946e6
    last_write_checksum: sha1:cb40e5fd2885dcf20f7c572a590b2656efe282a0
    pristine_git_object: c00200cfd072e9febac5d6be783da1925d11dac0
  pyproject.toml:
    id: 5d07e7d72637
    last_write_checksum: sha1:91ed168393a404ed927aa3f372407895d40ad804
    pristine_git_object: a894734b6c5d60e28b9c2ad20b02eb4999ade998
  scripts/publish.sh:
    id: fe273b08f514
    last_write_checksum: sha1:adc9b741c12ad1591ab4870eabe20f0d0a86cd1a
    pristine_git_object: ef28dc10c60d7d6a4bac0c6a1e9caba36b471861
  src/ajayji_sdk_test/__init__.py:
    id: 344475d68210
    last_write_checksum: sha1:da077c0bdfcef64a4a5aea91a17292f72fa2b088
    pristine_git_object: 833c68cd526fe34aab2b7e7c45f974f7f4b9e120
  src/ajayji_sdk_test/_hooks/__init__.py:
    id: ff5ae02d5a85
    last_write_checksum: sha1:45a380490e968d8d95994dd97554ac60eeb6ae60
    pristine_git_object: e763be4b171bbcf9c16caeaf381f8c92ce8d8e6e
  src/ajayji_sdk_test/_hooks/sdkhooks.py:
    id: eb8c7f9c3688
    last_write_checksum: sha1:5737286513c36a12e8d55ab9dd48261756c24db4
    pristine_git_object: 4d90bec84fbe942dd0e83234390843240927683e
  src/ajayji_sdk_test/_hooks/types.py:
    id: b7f019bca94d
    last_write_checksum: sha1:19147576fe44ee901eabadcc2c831dab5798e07f
    pristine_git_object: 9d509b14de96c670fbe0e4f56e43a55d05efa7c0
  src/ajayji_sdk_test/_version.py:
    id: 21ec285300a4
    last_write_checksum: sha1:901b218428e4aa5d0f6af99899c75a589ed86991
    pristine_git_object: 114d44aafb342b07038222837349e0044235e107
  src/ajayji_sdk_test/basesdk.py:
    id: 006d360c0a85
    last_write_checksum: sha1:1f71dbbda20babc55b3e09282213b793b58808fc
    pristine_git_object: efb2cfb2ff1c31880cd5773aeb7a69bf0f458d12
  src/ajayji_sdk_test/errors/__init__.py:
    id: 6755ef49b05e
    last_write_checksum: sha1:18bfee64f2fb4e2f442c340e0201ce51837b49df
    pristine_git_object: 4bb08d049fee3963b184d60a46c8fd24e80a1172
  src/ajayji_sdk_test/errors/no_response_error.py:
    id: 1dbe3d1d4e7f
    last_write_checksum: sha1:7f326424a7d5ae1bcd5c89a0d6b3dbda9138942f
    pristine_git_object: 1deab64bc43e1e65bf3c412d326a4032ce342366
  src/ajayji_sdk_test/errors/responsevalidationerror.py:
    id: 0ab5e7e31efe
    last_write_checksum: sha1:e225475b25f8b0383f00779e8f8e88dbd90ac42b
    pristine_git_object: 1ec3b6e147650db163b4dcf4fd055d3d4f001e7c
  src/ajayji_sdk_test/errors/sdkdefaulterror.py:
    id: 39b6e5d78e3e
    last_write_checksum: sha1:3945adcceadca158d314040d19fab94447ee33ec
    pristine_git_object: bc87084e839d0be7100438d2e516ecc27d411219
  src/ajayji_sdk_test/errors/sdkerror.py:
    id: f69f94c74002
    last_write_checksum: sha1:64a913063ad8d0ad31b1013fe6523221ca38c51f
    pristine_git_object: 16ac2977e80b6eabe4020aa8a21dd28e83032f9a
  src/ajayji_sdk_test/httpclient.py:
    id: c24e3aaf61d0
    last_write_checksum: sha1:5e55338d6ee9f01ab648cad4380201a8a3da7dd7
    pristine_git_object: 89560b566073785535643e694c112bedbd3db13d
  src/ajayji_sdk_test/memory_management.py:
    id: 7d90c26ab1ee
    last_write_checksum: sha1:c2ab7da712741e8dbf2c5917b390ab2bdb0c67d2
    pristine_git_object: ec99b80fe651fed1a498d3bf5b6a2a2668497741
  src/ajayji_sdk_test/model_management.py:
    id: 8162c0e68ccc
    last_write_checksum: sha1:727f5154fc21177e37f770f3c022e86c15b690fc
    pristine_git_object: 7b49b808420fc210bdd72bd7d03c2941c95e90b1
  src/ajayji_sdk_test/models/__init__.py:
    id: f72f4bf2caca
    last_write_checksum: sha1:9c2ddbf453fa665e10c39789572de7a1ba0b0259
    pristine_git_object: 59ab80548f003afe787ec24f3f4647d4f89c05a0
  src/ajayji_sdk_test/models/askop.py:
    id: 908b0348ea34
    last_write_checksum: sha1:e6bd5e2f8889c3326c1daa614bee4ee6282f3282
    pristine_git_object: 3f9419bd2eda79c4fb9bab1acbddc574b5e6e8c5
  src/ajayji_sdk_test/models/create_databaseop.py:
    id: 66a84b03cd3b
    last_write_checksum: sha1:097086aa22df74f5a50340df4e42633a9f37be03
    pristine_git_object: 4e581b7e728db152d55cf807da9109c5b0754969
  src/ajayji_sdk_test/models/invoke_personaop.py:
    id: a99795043817
    last_write_checksum: sha1:6263c43b86ff80bd32cd2f8c17d07c66eabdc7a0
    pristine_git_object: debe2c7862419499ca40ba3118f7d7e523a4a234
  src/ajayji_sdk_test/models/load_modelop.py:
    id: d0d7c15d7bcd
    last_write_checksum: sha1:0739b97346baeba0dd8d35cc38893d47927249c1
    pristine_git_object: 12e7d79df93d9eb0a86ed448391bb652bc252a70
  src/ajayji_sdk_test/models/pull_modelop.py:
    id: 8321438ce1a5
    last_write_checksum: sha1:f30a4fc58be45ae62e2feeb93c16cf75e85eab21
    pristine_git_object: b89cb3d6c6780d14331de282ec925e4ad36a7af8
  src/ajayji_sdk_test/models/stop_modelop.py:
    id: 783a063f2a43
    last_write_checksum: sha1:02a5526fa28525e528ebae2dbd7483dd751ed83b
    pristine_git_object: 4e1430702837a348486d34051f8deffde62c5560
  src/ajayji_sdk_test/persona_orchestration.py:
    id: a0f03d6201e3
    last_write_checksum: sha1:1208408bc6da143e14386d36588b25a3c7e3cbf7
    pristine_git_object: 1bc869b0d6863264812edfdaa31c6508d027f265
  src/ajayji_sdk_test/py.typed:
    id: d890f2db3d6e
    last_write_checksum: sha1:8efc425ffe830805ffcc0f3055871bdcdc542c60
    pristine_git_object: 3e38f1a929f7d6b1d6de74604aa87e3d8f010544
  src/ajayji_sdk_test/sdk.py:
    id: 1a30feb7a006
    last_write_checksum: sha1:8b502a67635904979616126d12ad759ac2c6daca
    pristine_git_object: 5174f6a081d9106846b1f47e804cfca9f29aba6a
  src/ajayji_sdk_test/sdkconfiguration.py:
    id: 1db01ae363c3
    last_write_checksum: sha1:07fdb78342d1c1b616a8b26b3278142ae3624415
    pristine_git_object: be5c18ba2b45dfb8728ab4fc6b893f345f6a078a
  src/ajayji_sdk_test/stateless_execution.py:
    id: f9056114ea96
    last_write_checksum: sha1:0f60c9102bef8f474f801121e80ebecf6f8896f2
    pristine_git_object: fa3111ad21a2fa8d172199506ab0ce8fa4374cef
  src/ajayji_sdk_test/tools_and_infrastructure.py:
    id: a217d4fc050e
    last_write_checksum: sha1:ee82b48441d326900da7082ac6ca67913ce93026
    pristine_git_object: 0872b63987f81e593789e6b28ca04adeb339dd24
  src/ajayji_sdk_test/types/__init__.py:
    id: 0f813f71ec9d
    last_write_checksum: sha1:140ebdd01a46f92ffc710c52c958c4eba3cf68ed
    pristine_git_object: fc76fe0c5505e29859b5d2bb707d48fd27661b8c
  src/ajayji_sdk_test/types/basemodel.py:
    id: 3cfd9a5420d1
    last_write_checksum: sha1:10d84aedeb9d35edfdadf2c3020caa1d24d8b584
    pristine_git_object: a9a640a1a7048736383f96c67c6290c86bf536ee
  src/ajayji_sdk_test/utils/__init__.py:
    id: 6be1949fd5cc
    last_write_checksum: sha1:1970816f2234ecb8785798240b0edced961de971
    pristine_git_object: 0498cb8dabf249b39609f81fb10cddc30f1b78b5
  src/ajayji_sdk_test/utils/annotations.py:
    id: 6e033c03989d
    last_write_checksum: sha1:a4824ad65f730303e4e1e3ec1febf87b4eb46dbc
    pristine_git_object: 12e0aa4f1151bb52474cc02e88397329b90703f6
  src/ajayji_sdk_test/utils/datetimes.py:
    id: 9db725756d37
    last_write_checksum: sha1:c721e4123000e7dc61ec52b28a739439d9e17341
    pristine_git_object: a6c52cd61bbe2d459046c940ce5e8c469f2f0664
  src/ajayji_sdk_test/utils/dynamic_imports.py:
    id: c91e99a78b7b
    last_write_checksum: sha1:a1940c63feb8eddfd8026de53384baf5056d5dcc
    pristine_git_object: 673edf82a97d0fea7295625d3e092ea369a36b79
  src/ajayji_sdk_test/utils/enums.py:
    id: 408e53f14aa1
    last_write_checksum: sha1:bc8c3c1285ae09ba8a094ee5c3d9c7f41fa1284d
    pristine_git_object: 3324e1bc2668c54c4d5f5a1a845675319757a828
  src/ajayji_sdk_test/utils/eventstreaming.py:
    id: 32a89b83d0d0
    last_write_checksum: sha1:620d78a8b4e3b854e08d136e02e40a01a786bd70
    pristine_git_object: 3bdcd6d3d4fc772cb7f5fca8685dcdc8c85e13e8
  src/ajayji_sdk_test/utils/forms.py:
    id: 2d3fc14a57e7
    last_write_checksum: sha1:0ca31459b99f761fcc6d0557a0a38daac4ad50f4
    pristine_git_object: 1e550bd5c2c35d977ddc10f49d77c23cb12c158d
  src/ajayji_sdk_test/utils/headers.py:
    id: b53efc7d71ac
    last_write_checksum: sha1:7c6df233ee006332b566a8afa9ce9a245941d935
    pristine_git_object: 37864cbbbc40d1a47112bbfdd3ba79568fc8818a
  src/ajayji_sdk_test/utils/logger.py:
    id: cff646b072ac
    last_write_checksum: sha1:f3fdb154a3f09b8cc43d74c7e9c02f899f8086e4
    pristine_git_object: b661aff65d38b77d035149699aea09b2785d2fc6
  src/ajayji_sdk_test/utils/metadata.py:
    id: 6b0135993a66
    last_write_checksum: sha1:e703e5cbb5255144aacf86898d1420529afaaff8
    pristine_git_object: 5abddd588837ac297050ca3b543627faadb350a9
  src/ajayji_sdk_test/utils/queryparams.py:
    id: ec2998cb1405
    last_write_checksum: sha1:b94c3f314fd3da0d1d215afc2731f48748e2aa59
    pristine_git_object: c04e0db82b68eca041f2cb2614d748fbac80fd41
  src/ajayji_sdk_test/utils/requestbodies.py:
    id: 9af40a02bc04
    last_write_checksum: sha1:41e2d2d2d3ecc394c8122ca4d4b85e1c3e03f054
    pristine_git_object: 1de32b6d26f46590232f398fdba6ce0072f1659c
  src/ajayji_sdk_test/utils/retries.py:
    id: d1b93b40bc32
    last_write_checksum: sha1:471372f5c5d1dd5583239c9cf3c75f1b636e5d87
    pristine_git_object: af07d4e941007af4213c5ec9047ef8a2fca04e5e
  src/ajayji_sdk_test/utils/security.py:
    id: "004737221610"
    last_write_checksum: sha1:c11eef495b6aaa249178c24c796940cc540b7a00
    pristine_git_object: 42d8d78e9981eed7507670014d99588e27ab325a
  src/ajayji_sdk_test/utils/serializers.py:
    id: 88420d13afbb
    last_write_checksum: sha1:61009f2e4ef6613a1a5af813fe020373dae5a492
    pristine_git_object: d2149f8b909cb96628db140ac3cddb1b1e981367
  src/ajayji_sdk_test/utils/unmarshal_json_response.py:
    id: 524ba4011685
    last_write_checksum: sha1:bc31e62a8890e6de04bcaa54bae1d703901609f7
    pristine_git_object: 53071503ab9d8b3a9e48d6d37afcc7440ad1d682
  src/ajayji_sdk_test/utils/url.py:
    id: 5eea218ebcd9
    last_write_checksum: sha1:6479961baa90432ca25626f8e40a7bbc32e73b41
    pristine_git_object: c78ccbae426ce6d385709d97ce0b1c2813ea2418
  src/ajayji_sdk_test/utils/values.py:
    id: bf4ba9ee637e
    last_write_checksum: sha1:acaa178a7c41ddd000f58cc691e4632d925b2553
    pristine_git_object: dae01a44384ac3bc13ae07453a053bf6c898ebe3
examples:
  ask:
    speakeasy-default-ask:
      requestBody:
        application/json: {"query": "<value>"}
      responses:
        "200":
          application/json: {}
  create_database:
    speakeasy-default-create-database:
      requestBody:
        application/json: {"csv_path": "<value>", "name": "<value>"}
      responses:
        "200":
          application/json: {}
  invoke_persona:
    speakeasy-default-invoke-persona:
      parameters:
        path:
          id: "<id>"
      requestBody:
        application/json: {"key": "<value>"}
      responses:
        "200":
          application/json: {}
  pull_model:
    speakeasy-default-pull-model:
      requestBody:
        application/json: {"fileName": "example.file", "repo": "<value>"}
      responses:
        "200":
          application/json: {}
  load_model:
    speakeasy-default-load-model:
      requestBody:
        application/json: {"fileName": "example.file"}
      responses:
        "200":
          application/json: {}
  stop_model:
    speakeasy-default-stop-model:
      responses:
        "200":
          application/json: {}
examplesVersion: 1.0.2
generatedTests: {}
