lockVersion: 2.0.0
id: aca66aee-3a3d-451d-a849-fded39891b8b
management:
  docChecksum: d5768514224922ae677f0066776ce29f
  docVersion: 1.0.1
  speakeasyVersion: 1.763.1
  generationVersion: 2.884.4
  releaseVersion: 0.2.3
  configChecksum: 9e24c325bbf5297c0c007b2b583f2d4b
persistentEdits:
  generation_id: 6b6764ef-5bab-4393-8ebf-261bf3ccc1ef
  pristine_commit_hash: 5100e3b1c98746ac0e9188b04fc9aead94fbac79
  pristine_tree_hash: b7d5e093c7c07d0ddc40e03c11a1be6787ab9bf7
features:
  python:
    additionalDependencies: 1.0.0
    core: 6.0.21
    defaultEnabledRetries: 0.2.0
    downloadStreams: 1.0.1
    envVarSecurityUsage: 0.3.2
    flatRequests: 1.0.1
    flattening: 3.1.1
    globalSecurityCallbacks: 1.0.0
    globalServerURLs: 3.2.1
    methodArguments: 1.0.2
    nullables: 1.0.2
    responseFormat: 1.1.0
    retries: 3.0.5
    sdkHooks: 1.2.1
trackedFiles:
  .gitattributes:
    id: 24139dae6567
    last_write_checksum: sha1:53134de3ada576f37c22276901e1b5b6d85cd2da
    pristine_git_object: 4d75d59008e4d8609876d263419a9dc56c8d6f3a
  .vscode/settings.json:
    id: 89aa447020cd
    last_write_checksum: sha1:f84632c81029fcdda8c3b0c768d02b836fc80526
    pristine_git_object: 8d79f0abb72526f1fb34a4c03e5bba612c6ba2ae
  USAGE.md:
    id: 3aed33ce6e6f
    last_write_checksum: sha1:ab83371a130d81ac0877ab415f435a81c2c1ad57
    pristine_git_object: a9e3d009ead82db117c29773d2536edd172bdf31
  docs/models/askrequestbody.md:
    id: f680e333ee7e
    last_write_checksum: sha1:9d869e5a5d27c17ece776b8c9c56a29d87781dcd
    pristine_git_object: 38adf0c7f7c9c3d90bf0d661721dd93a82bb95e0
  docs/models/askresponsebody.md:
    id: 7335e96ea7b9
    last_write_checksum: sha1:ca4c31771987f3d23906c2bbafa7bf0950b7e4b1
    pristine_git_object: 16f879aaafa0ac585cfa016a8eaa661b9807f1c2
  docs/models/convertmodelrequestbody.md:
    id: ed0f56dcfe9b
    last_write_checksum: sha1:b6919f0e2b9924c0a110d5afc13be95d78fc68e9
    pristine_git_object: 52a4d1d34764893d2be777b26f1a35ab70276219
  docs/models/createdatabaserequestbody.md:
    id: 39291c1d6da9
    last_write_checksum: sha1:f37cfbd612e99148b162d0f92d09df4a910a061f
    pristine_git_object: 00f63c29cfa38f7a62b92c2b377a8a8008bf4d2f
  docs/models/createdatabaseresponsebody.md:
    id: bd3d280ded7d
    last_write_checksum: sha1:7f68eb0efe8174ee37f2de6e42471ced9ba5506a
    pristine_git_object: 256108e44d70a4c48feaec70acf9662ef1d5aaa2
  docs/models/createpersonarequestbody.md:
    id: a46dc3964a17
    last_write_checksum: sha1:a873082a7243c11e57a9caff296716a090b7175c
    pristine_git_object: 4689fc32cda20747b15bcb1d8587d8dd4e455a4b
  docs/models/createpersonaresponsebody.md:
    id: e134c60d2b88
    last_write_checksum: sha1:d4d652b5c49e9ad2b2157657c94aa36679a68c42
    pristine_git_object: a91692317d9242b9fb816bb76e6b2b9c87e2b9c0
  docs/models/createvectordbrequestbody.md:
    id: fd6bb340e4a7
    last_write_checksum: sha1:0c8cf9a48a00f8a324ed20e6ffe70add68f3e323
    pristine_git_object: 4ca5cb703be766aba4fb9a09552bb75e25c07301
  docs/models/createvectordbresponsebody.md:
    id: 7fba75386d9f
    last_write_checksum: sha1:2594610611175538a6ae847d94855d63b1b12708
    pristine_git_object: 0e3751b5f2c19b678313cf061ce8c4542caecf0d
  docs/models/executetoolrequestbody.md:
    id: c637d09e018e
    last_write_checksum: sha1:87039123c59fc61c9a5ac6229f271cecc0157d65
    pristine_git_object: 2075bc1a992dbd51bfea311dcbb1451580cab049
  docs/models/getpersonacanvasrequest.md:
    id: b31abfb4ded9
    last_write_checksum: sha1:cc1cad6c52bcffe9bb61ed4a3f801a5c54cf26f7
    pristine_git_object: 421343070b7ca3f8854d76f4a400c8b37bbafd39
  docs/models/invokepersonarequest.md:
    id: 7676a097a324
    last_write_checksum: sha1:1789071858871700decdbf71451c6148e38d37b4
    pristine_git_object: d6b2c593949408e3c1a4fc32742de3df9fd59986
  docs/models/invokepersonaresponsebody.md:
    id: 39b21108900a
    last_write_checksum: sha1:08698d4676d9a7434d4f73a4527bee71363839c9
    pristine_git_object: bfb6afa317f14a35430cd7303ef4ff5f7f549fa7
  docs/models/loadmodelrequestbody.md:
    id: 8e7ff1f250c4
    last_write_checksum: sha1:48c40ca7c85071eaedb441c1701e4dd21e55f3ad
    pristine_git_object: 9c98e15568755dffca4a7640a79908c3b851bac4
  docs/models/loadmodelresponsebody.md:
    id: efa19b1d02d6
    last_write_checksum: sha1:08be5414988e7507db2f2b4e37480e928bba941b
    pristine_git_object: f0bedb03aeb43b2f73f75b15fa273d9dfe5ab13d
  docs/models/postapiv1mcpconnectrequestbody.md:
    id: c20bc9d9a135
    last_write_checksum: sha1:2bb6ed371ece700eef63046e4ba9a7fd64ffb512
    pristine_git_object: d36d6635102a1d7db1e6ad255f8670081211adc2
  docs/models/postapiv1mcpconnectresponsebody.md:
    id: 24eaf3a5efcf
    last_write_checksum: sha1:5df7e616ecd24164843cc2bb01ff9d715fee0128
    pristine_git_object: e655f499766d5ee0e87b495f31409eb34f84dfa3
  docs/models/postapiv1mcpdisconnectresponsebody.md:
    id: 99a6e885ad1d
    last_write_checksum: sha1:265bb9e4ae9305e428281dea1a937b12ec7595f4
    pristine_git_object: 30c3f85bcc7d989a0e5b188b7cd60e9ca014f1d6
  docs/models/pullmodelrequestbody.md:
    id: f9c9fbdf7a4d
    last_write_checksum: sha1:54cf8c8c6cb9c09b45ef2accf0cebb7b30e72cb4
    pristine_git_object: b5e4d09af3510213f59cdb8547d4792b454a1e4c
  docs/models/pullmodelresponsebody.md:
    id: af6153bfe392
    last_write_checksum: sha1:ebed5bb6874521903e1d9196c5f391c3a7a7b1d7
    pristine_git_object: 0b734666f152cfb7f0ac85dcf059e51a3aca824f
  docs/models/stopmodelresponsebody.md:
    id: 1103907649ef
    last_write_checksum: sha1:6b56edbd8f00a2cbffc7b570b50566f9996c5d3a
    pristine_git_object: d64496d3a93bbb3f04f70757f8a39d1bf0cffa8f
  docs/models/utils/retryconfig.md:
    id: 4343ac43161c
    last_write_checksum: sha1:562c0f21e308ad10c27f85f75704c15592c6929d
    pristine_git_object: 69dd549ec7f5f885101d08dd502e25748183aebf
  docs/sdks/dataingestionandtools/README.md:
    id: 959cc8f13497
    last_write_checksum: sha1:e635438c4d19f7e87cfdfef624b6dddb4d949751
    pristine_git_object: b827f10ece21e568084a7a9e3a4887f3e47c3626
  docs/sdks/mcpmanagement/README.md:
    id: e41701622219
    last_write_checksum: sha1:6f648b8537124f4326a66012a4307ab86aa33303
    pristine_git_object: ba905402dfa876bcd15107d9284615c71ac40edc
  docs/sdks/memorymanagement/README.md:
    id: 506ffb8faef3
    last_write_checksum: sha1:3b5eef21585e7b1d5310f911e8704d56be2d52eb
    pristine_git_object: fba891ca66e59e5764535b7d6aa0d284e4af4be8
  docs/sdks/modelmanagement/README.md:
    id: 2e3b3a7c2d21
    last_write_checksum: sha1:1a8fef322b8752cc22f3a1a0712567eeef96e1b3
    pristine_git_object: 026b2e6d6c9b0d50a6d962093a7a94f12f2b6fff
  docs/sdks/personaorchestration/README.md:
    id: cbdb3c6c15f4
    last_write_checksum: sha1:5ec4a668730bc8d8b65ac8661211134ee6380ab6
    pristine_git_object: 3fef8b67e0b88db550af9a2ab1b248ae4fc5dce2
  docs/sdks/statelessexecution/README.md:
    id: a481385e63cb
    last_write_checksum: sha1:27db914d0b127ce0f7fd7754ea6a69bde4df2ee9
    pristine_git_object: 7b8b38ef9d896d40a37db11996c21685db716630
  py.typed:
    id: 258c3ed47ae4
    last_write_checksum: sha1:8efc425ffe830805ffcc0f3055871bdcdc542c60
    pristine_git_object: 3e38f1a929f7d6b1d6de74604aa87e3d8f010544
  pylintrc:
    id: 7ce8b9f946e6
    last_write_checksum: sha1:cb40e5fd2885dcf20f7c572a590b2656efe282a0
    pristine_git_object: c00200cfd072e9febac5d6be783da1925d11dac0
  pyproject.toml:
    id: 5d07e7d72637
    last_write_checksum: sha1:9d47cc5ba9446820beffe1d47e2878889073d4f1
    pristine_git_object: 0932d4202faddcf189adb552869e7b01eba01f8a
  scripts/publish.sh:
    id: fe273b08f514
    last_write_checksum: sha1:adc9b741c12ad1591ab4870eabe20f0d0a86cd1a
    pristine_git_object: ef28dc10c60d7d6a4bac0c6a1e9caba36b471861
  src/ajayji/__init__.py:
    id: 74264b1482a6
    last_write_checksum: sha1:da077c0bdfcef64a4a5aea91a17292f72fa2b088
    pristine_git_object: 833c68cd526fe34aab2b7e7c45f974f7f4b9e120
  src/ajayji/_hooks/__init__.py:
    id: 8c710caaf8ce
    last_write_checksum: sha1:45a380490e968d8d95994dd97554ac60eeb6ae60
    pristine_git_object: e763be4b171bbcf9c16caeaf381f8c92ce8d8e6e
  src/ajayji/_hooks/sdkhooks.py:
    id: c8fb82e5a8b3
    last_write_checksum: sha1:1a0f12db26288143736eac9ee1012e9d0bdb4009
    pristine_git_object: 32ac90ebe959c07ec23287940e6f3c7dea4767aa
  src/ajayji/_hooks/types.py:
    id: 37bf2bbc14d1
    last_write_checksum: sha1:cc1ac83a79b67735974c659bed6bc194275588b1
    pristine_git_object: 984dac8c8d0b7e6fa1981a5544159267affed91e
  src/ajayji/_version.py:
    id: 756349a8cde0
    last_write_checksum: sha1:69ec970e9a0616776b74fbf83d1fbc1313705767
    pristine_git_object: 8d268e0ebee771f888cc6d66811ead1319df7e5d
  src/ajayji/basesdk.py:
    id: 4fd15b606549
    last_write_checksum: sha1:fa213ff642bd370b8a25fdf26d4de54e733088e4
    pristine_git_object: 22545a3bba6f2afa261a94a67391cf84576b84ba
  src/ajayji/data_ingestion_and_tools.py:
    id: a4dec4ae0c5e
    last_write_checksum: sha1:a0c25e31472ed238f6ba17d4be28966d806c186a
    pristine_git_object: 4e6fd0a0aaa338d34af5408bc97938c11e250364
  src/ajayji/errors/__init__.py:
    id: 8185554a92e5
    last_write_checksum: sha1:ae0bf1a244761cd7f2dc538d7e6490b85860f03d
    pristine_git_object: 18e9417261b380c02352fddc13c0aeb858de18bc
  src/ajayji/errors/no_response_error.py:
    id: 95fc3c94a026
    last_write_checksum: sha1:7f326424a7d5ae1bcd5c89a0d6b3dbda9138942f
    pristine_git_object: 1deab64bc43e1e65bf3c412d326a4032ce342366
  src/ajayji/errors/responsevalidationerror.py:
    id: 96dbb61f40e1
    last_write_checksum: sha1:dccd60bd801923c96c6707362bd61c5d476202a4
    pristine_git_object: 518eea70c05422ad3c046d9b8282a3909cdcc391
  src/ajayji/errors/sdkdefaulterror.py:
    id: 8e88f925b092
    last_write_checksum: sha1:e93069632e9ca1354ab77e0889168879fe225332
    pristine_git_object: 1fedd0177cc27501b6ba17326c5c60329a7dfb3a
  src/ajayji/errors/sdkerror.py:
    id: 0c9ef3d95e09
    last_write_checksum: sha1:64a913063ad8d0ad31b1013fe6523221ca38c51f
    pristine_git_object: 16ac2977e80b6eabe4020aa8a21dd28e83032f9a
  src/ajayji/httpclient.py:
    id: 759bb8aa21d7
    last_write_checksum: sha1:5e55338d6ee9f01ab648cad4380201a8a3da7dd7
    pristine_git_object: 89560b566073785535643e694c112bedbd3db13d
  src/ajayji/mcp_management.py:
    id: 8da768672c2c
    last_write_checksum: sha1:2094990520a0199c72afeb1e572a8379e5daa492
    pristine_git_object: 7daa68f94ecb41bf65801d4289c88cb866b2a5a1
  src/ajayji/memory_management.py:
    id: 2bc3f3298e98
    last_write_checksum: sha1:5a5e569de043f080afab7a4f4fa39e2e45f65d16
    pristine_git_object: a40fa60a85a6ba359b4a16f5855f98c47111410c
  src/ajayji/model_management.py:
    id: b8f114df0f37
    last_write_checksum: sha1:59ab8fee823998a5c1f06c19b555864ebae4e17b
    pristine_git_object: 2955873b6d6b009fa5e6deb00141d33db10728c5
  src/ajayji/models/__init__.py:
    id: 72a75b3df0b6
    last_write_checksum: sha1:b67e60aa90b5711f7217c59d5f7b608921434200
    pristine_git_object: df7f5a0801de736c92816e5fcfdf040473552793
  src/ajayji/models/askop.py:
    id: 6188834751b7
    last_write_checksum: sha1:ffc019debb70cad00fff8485439caf4cbb84aada
    pristine_git_object: 6a2d2f1baafe7a2888261260acfb49d1b3d2490c
  src/ajayji/models/convert_modelop.py:
    id: fae714e38515
    last_write_checksum: sha1:4a16343b10551f8137292eafc379a4dd9ecbbe51
    pristine_git_object: 25435440c152aca378d4448ffb62cb268bbffcd0
  src/ajayji/models/create_databaseop.py:
    id: ffe757e46e06
    last_write_checksum: sha1:65fd17400f1de04bfc158e57c34d95c93a1de56e
    pristine_git_object: d65dacc2b22b79ba6d7d60355e2fabd3ea13fb73
  src/ajayji/models/create_personaop.py:
    id: 222df2c7e55c
    last_write_checksum: sha1:5fdb3d1e73b26a8784d0b4163472c16b520a39c4
    pristine_git_object: 9b80e59ab567c373223ded0e0144581139ef978d
  src/ajayji/models/create_vector_dbop.py:
    id: 38006296204e
    last_write_checksum: sha1:58d2d7768a4bf572acd965c9f083884cc5b9e26d
    pristine_git_object: ce38e91494eb6ae2cc308e033620a760cdebcad7
  src/ajayji/models/execute_toolop.py:
    id: 6add5f5b928e
    last_write_checksum: sha1:317b3100a5178fbab0437745648bb66266172cd5
    pristine_git_object: c87613e21bbc5b2ffb604872d64e9446e7b18148
  src/ajayji/models/get_persona_canvasop.py:
    id: d1babb5e43d6
    last_write_checksum: sha1:4e64d7c5f65c11d103e56e41ed8993dc3beef39e
    pristine_git_object: 74fa8a967468c9866ff6e2adc661b6a04d1169e2
  src/ajayji/models/invoke_personaop.py:
    id: 433ac4894099
    last_write_checksum: sha1:7ce8e10b4bcced5f49de3b234708bd9597feb5c9
    pristine_git_object: 0ec6b0ab82866498baed4d62e6bd755ec21e7b83
  src/ajayji/models/load_modelop.py:
    id: 96f8ef943553
    last_write_checksum: sha1:6ba2cf8139acb3e5fbe14fb143270309350179cf
    pristine_git_object: 8fb846e0f963b8112a90759d1afb5f786a411d44
  src/ajayji/models/post_api_v1_mcp_connectop.py:
    id: a165b917676f
    last_write_checksum: sha1:2de0f8f6e4697c3d252393f758cd584a30042050
    pristine_git_object: 1f3c15b4115fa5fdc73d459613c9df4a4fb11044
  src/ajayji/models/post_api_v1_mcp_disconnectop.py:
    id: 4d21639b2ca2
    last_write_checksum: sha1:1cdf271a615ed9874665ecfba44a7d7317b6ff8b
    pristine_git_object: 11b80681d3a009e447a252b85e8a02a9f4719a68
  src/ajayji/models/pull_modelop.py:
    id: d7b2f0b13f24
    last_write_checksum: sha1:52573f809b0557f6eeda025be0e8f06bdc836b5d
    pristine_git_object: bca316e147519144016c1e512c1b8bcfbc7e89ab
  src/ajayji/models/stop_modelop.py:
    id: 24b44cae4239
    last_write_checksum: sha1:7c5d6e1ab0d61c9601b0ca546ac6f1edfad859c5
    pristine_git_object: 2852ddda73f1e8e2c9f2252bba02a85dd9015944
  src/ajayji/persona_orchestration.py:
    id: f9370200998c
    last_write_checksum: sha1:4bfa216ed520d28ffd0ade2908098587e772b0db
    pristine_git_object: d3c59106d3f2a2b4bfcb9cb6ea22c404f9a6bc02
  src/ajayji/py.typed:
    id: 54a48a422a7f
    last_write_checksum: sha1:8efc425ffe830805ffcc0f3055871bdcdc542c60
    pristine_git_object: 3e38f1a929f7d6b1d6de74604aa87e3d8f010544
  src/ajayji/sdk.py:
    id: 12aed435aa82
    last_write_checksum: sha1:3ac9d9ded9d5710b17125b3767601da36add405f
    pristine_git_object: 857093d458fc0f7282b5b7cfc6a11274501ecdeb
  src/ajayji/sdkconfiguration.py:
    id: a47432774f31
    last_write_checksum: sha1:817090bedc1d6d1273807de2ebf2e74ecca15461
    pristine_git_object: 1ff2921485b028535e5ded4ef1988b4fcdcc3b0f
  src/ajayji/stateless_execution.py:
    id: a215863f30a6
    last_write_checksum: sha1:3ac905dc4dcc5fdf37ae782bb24596fffaef9a6f
    pristine_git_object: 428133239c69bf2f08bf9a2932a5d94970da08f8
  src/ajayji/types/__init__.py:
    id: ba0f3eab8daa
    last_write_checksum: sha1:140ebdd01a46f92ffc710c52c958c4eba3cf68ed
    pristine_git_object: fc76fe0c5505e29859b5d2bb707d48fd27661b8c
  src/ajayji/types/basemodel.py:
    id: 2c9b6e19dd1d
    last_write_checksum: sha1:10d84aedeb9d35edfdadf2c3020caa1d24d8b584
    pristine_git_object: a9a640a1a7048736383f96c67c6290c86bf536ee
  src/ajayji/utils/__init__.py:
    id: c027c6c35bf5
    last_write_checksum: sha1:1970816f2234ecb8785798240b0edced961de971
    pristine_git_object: 0498cb8dabf249b39609f81fb10cddc30f1b78b5
  src/ajayji/utils/annotations.py:
    id: 6efae79501a9
    last_write_checksum: sha1:a4824ad65f730303e4e1e3ec1febf87b4eb46dbc
    pristine_git_object: 12e0aa4f1151bb52474cc02e88397329b90703f6
  src/ajayji/utils/datetimes.py:
    id: 854384a7a499
    last_write_checksum: sha1:c721e4123000e7dc61ec52b28a739439d9e17341
    pristine_git_object: a6c52cd61bbe2d459046c940ce5e8c469f2f0664
  src/ajayji/utils/dynamic_imports.py:
    id: e184967c7f4b
    last_write_checksum: sha1:a1940c63feb8eddfd8026de53384baf5056d5dcc
    pristine_git_object: 673edf82a97d0fea7295625d3e092ea369a36b79
  src/ajayji/utils/enums.py:
    id: 5d77d90c370d
    last_write_checksum: sha1:bc8c3c1285ae09ba8a094ee5c3d9c7f41fa1284d
    pristine_git_object: 3324e1bc2668c54c4d5f5a1a845675319757a828
  src/ajayji/utils/eventstreaming.py:
    id: ef98848fb855
    last_write_checksum: sha1:620d78a8b4e3b854e08d136e02e40a01a786bd70
    pristine_git_object: 3bdcd6d3d4fc772cb7f5fca8685dcdc8c85e13e8
  src/ajayji/utils/forms.py:
    id: 27757880fbdf
    last_write_checksum: sha1:0ca31459b99f761fcc6d0557a0a38daac4ad50f4
    pristine_git_object: 1e550bd5c2c35d977ddc10f49d77c23cb12c158d
  src/ajayji/utils/headers.py:
    id: 3a8ece51071b
    last_write_checksum: sha1:7c6df233ee006332b566a8afa9ce9a245941d935
    pristine_git_object: 37864cbbbc40d1a47112bbfdd3ba79568fc8818a
  src/ajayji/utils/logger.py:
    id: e8edcd7ef51f
    last_write_checksum: sha1:f3fdb154a3f09b8cc43d74c7e9c02f899f8086e4
    pristine_git_object: b661aff65d38b77d035149699aea09b2785d2fc6
  src/ajayji/utils/metadata.py:
    id: 463767ce639d
    last_write_checksum: sha1:e703e5cbb5255144aacf86898d1420529afaaff8
    pristine_git_object: 5abddd588837ac297050ca3b543627faadb350a9
  src/ajayji/utils/queryparams.py:
    id: 7427d009040e
    last_write_checksum: sha1:b94c3f314fd3da0d1d215afc2731f48748e2aa59
    pristine_git_object: c04e0db82b68eca041f2cb2614d748fbac80fd41
  src/ajayji/utils/requestbodies.py:
    id: 95cdcb503862
    last_write_checksum: sha1:41e2d2d2d3ecc394c8122ca4d4b85e1c3e03f054
    pristine_git_object: 1de32b6d26f46590232f398fdba6ce0072f1659c
  src/ajayji/utils/retries.py:
    id: dd9053021bf0
    last_write_checksum: sha1:471372f5c5d1dd5583239c9cf3c75f1b636e5d87
    pristine_git_object: af07d4e941007af4213c5ec9047ef8a2fca04e5e
  src/ajayji/utils/security.py:
    id: 6de3bc58be35
    last_write_checksum: sha1:c11eef495b6aaa249178c24c796940cc540b7a00
    pristine_git_object: 42d8d78e9981eed7507670014d99588e27ab325a
  src/ajayji/utils/serializers.py:
    id: 0ae55fdf0b21
    last_write_checksum: sha1:61009f2e4ef6613a1a5af813fe020373dae5a492
    pristine_git_object: d2149f8b909cb96628db140ac3cddb1b1e981367
  src/ajayji/utils/unmarshal_json_response.py:
    id: de38c0ef3ad6
    last_write_checksum: sha1:5aa44af3e271307a7b8fef347fd44ce3726c6e4b
    pristine_git_object: cd495d4919c5b3570f6336be1b67fd8154b8dce7
  src/ajayji/utils/url.py:
    id: 0abcfe66f41b
    last_write_checksum: sha1:6479961baa90432ca25626f8e40a7bbc32e73b41
    pristine_git_object: c78ccbae426ce6d385709d97ce0b1c2813ea2418
  src/ajayji/utils/values.py:
    id: 045d274e274c
    last_write_checksum: sha1:acaa178a7c41ddd000f58cc691e4632d925b2553
    pristine_git_object: dae01a44384ac3bc13ae07453a053bf6c898ebe3
examples:
  ask:
    speakeasy-default-ask:
      requestBody:
        application/json: {"query": "<value>"}
      responses:
        "200":
          application/json: {}
  create_database:
    speakeasy-default-create-database:
      requestBody:
        application/json: {"csv_path": "<value>", "name": "<value>"}
      responses:
        "200":
          application/json: {}
  invoke_persona:
    speakeasy-default-invoke-persona:
      parameters:
        path:
          id: "<id>"
      requestBody:
        application/json: {"key": "<value>"}
      responses:
        "200":
          application/json: {}
  pull_model:
    speakeasy-default-pull-model:
      requestBody:
        application/json: {"fileName": "example.file", "repo": "<value>"}
      responses:
        "200":
          application/json: {}
  load_model:
    speakeasy-default-load-model:
      requestBody:
        application/json: {"fileName": "example.file"}
      responses:
        "200":
          application/json: {}
  stop_model:
    speakeasy-default-stop-model:
      responses:
        "200":
          application/json: {}
  create_vector_db:
    speakeasy-default-create-vector-db:
      requestBody:
        application/json: {"embedding_model": "<value>", "folder_path": "<value>", "name": "<value>"}
      responses:
        "200":
          application/json: {}
  convert_model:
    speakeasy-default-convert-model:
      requestBody:
        application/json: {"input_mapping": "<value>", "name": "<value>", "output_mapping": "<value>", "source_file_path": "<value>", "type": "<value>"}
      responses:
        "200":
          text/plain: "<value>"
  execute_tool:
    speakeasy-default-execute-tool:
      requestBody:
        application/json: {"tool_name": "<value>"}
      responses:
        "200":
          application/json: {"key": "<value>", "key1": "<value>"}
  create_persona:
    speakeasy-default-create-persona:
      requestBody:
        application/json: {"agent_id": "<id>", "agent_name": "<value>", "model": "Charger"}
      responses:
        "200":
          application/json: {}
  post_/api/v1/mcp/connect:
    speakeasy-default-post-/api/v1-/mcp/connect:
      requestBody:
        application/json: {"mcp_servers": ["<value 1>", "<value 2>", "<value 3>"]}
      responses:
        "200":
          application/json: {}
  post_/api/v1/mcp/disconnect:
    speakeasy-default-post-/api/v1-/mcp/disconnect:
      responses:
        "200":
          application/json: {}
  getPersonaCanvas:
    speakeasy-default-get-persona-canvas:
      parameters:
        path:
          id: "<id>"
      responses:
        "200":
          image/png: "x-file: example.file"
  get_persona_canvas:
    speakeasy-default-get-persona-canvas:
      parameters:
        path:
          id: "<id>"
      responses:
        "200":
          image/png: "x-file: example.file"
examplesVersion: 1.0.2
generatedTests: {}
